
Microsoft Visual Studio Solution File, Format Version 12.00
# Visual Studio 15
VisualStudioVersion = 15.0.28306.52
MinimumVisualStudioVersion = 10.0.40219.1
Project("{FAE04EC0-301F-11D3-BF4B-00C04F79EFBC}") = "Star Wars - The Journey of Hero", "Star Wars - The Journey of Hero\Star Wars - The Journey of Hero.csproj", "{3E344EE0-5DE9-4688-A7FD-86E619468726}"
EndProject
Global
	GlobalSection(SolutionConfigurationPlatforms) = preSolution
		Debug|Any CPU = Debug|Any CPU
		Release|Any CPU = Release|Any CPU
	EndGlobalSection
	GlobalSection(ProjectConfigurationPlatforms) = postSolution
		{3E344EE0-5DE9-4688-A7FD-86E619468726}.Debug|Any CPU.ActiveCfg = Debug|Any CPU
		{3E344EE0-5DE9-4688-A7FD-86E619468726}.Debug|Any CPU.Build.0 = Debug|Any CPU
		{3E344EE0-5DE9-4688-A7FD-86E619468726}.Release|Any CPU.ActiveCfg = Release|Any CPU
		{3E344EE0-5DE9-4688-A7FD-86E619468726}.Release|Any CPU.Build.0 = Release|Any CPU
	EndGlobalSection
	GlobalSection(SolutionProperties) = preSolution
		HideSolutionNode = FALSE
	EndGlobalSection
	GlobalSection(ExtensibilityGlobals) = postSolution
		SolutionGuid = {BB8A77E7-5DA3-402E-8929-28A84B1ACA79}
	EndGlobalSection
EndGlobal
